
Microsoft Visual Studio Solution File, Format Version 12.00
# Visual Studio Version 17
VisualStudioVersion = 17.0.31903.59
MinimumVisualStudioVersion = 10.0.40219.1
Project("{FAE04EC0-301F-11D3-BF4B-00C04F79EFBC}") = "KoboldOSC.Benchmarks", "KoboldOSC.Benchmarks.csproj", "{0AFDFBF4-F30F-4AD4-99A6-CC05E85545ED}"
EndProject
Project("{FAE04EC0-301F-11D3-BF4B-00C04F79EFBC}") = "KoboldOSC", "..\KoboldOSC\KoboldOSC.csproj", "{857CBE45-2EBA-400F-91B2-757B620CBE54}"
EndProject
Global
	GlobalSection(SolutionConfigurationPlatforms) = preSolution
		Debug|Any CPU = Debug|Any CPU
		Release|Any CPU = Release|Any CPU
	EndGlobalSection
	GlobalSection(SolutionProperties) = preSolution
		HideSolutionNode = FALSE
	EndGlobalSection
	GlobalSection(ProjectConfigurationPlatforms) = postSolution
		{0AFDFBF4-F30F-4AD4-99A6-CC05E85545ED}.Debug|Any CPU.ActiveCfg = Debug|Any CPU
		{0AFDFBF4-F30F-4AD4-99A6-CC05E85545ED}.Debug|Any CPU.Build.0 = Debug|Any CPU
		{0AFDFBF4-F30F-4AD4-99A6-CC05E85545ED}.Release|Any CPU.ActiveCfg = Release|Any CPU
		{0AFDFBF4-F30F-4AD4-99A6-CC05E85545ED}.Release|Any CPU.Build.0 = Release|Any CPU
		{857CBE45-2EBA-400F-91B2-757B620CBE54}.Debug|Any CPU.ActiveCfg = Debug|Any CPU
		{857CBE45-2EBA-400F-91B2-757B620CBE54}.Debug|Any CPU.Build.0 = Debug|Any CPU
		{857CBE45-2EBA-400F-91B2-757B620CBE54}.Release|Any CPU.ActiveCfg = Release|Any CPU
		{857CBE45-2EBA-400F-91B2-757B620CBE54}.Release|Any CPU.Build.0 = Release|Any CPU
	EndGlobalSection
EndGlobal
